
Microsoft Visual Studio Solution File, Format Version 12.00
# Visual Studio Version 17
VisualStudioVersion = 17.12.35514.174 d17.12
MinimumVisualStudioVersion = 10.0.40219.1
Project("{FAE04EC0-301F-11D3-BF4B-00C04F79EFBC}") = "LISTAS", "LISTAS.csproj", "{CE9F9A70-1EF8-4906-912D-27AF28EA4DEE}"
EndProject
Global
	GlobalSection(SolutionConfigurationPlatforms) = preSolution
		Debug|Any CPU = Debug|Any CPU
		Release|Any CPU = Release|Any CPU
	EndGlobalSection
	GlobalSection(ProjectConfigurationPlatforms) = postSolution
		{CE9F9A70-1EF8-4906-912D-27AF28EA4DEE}.Debug|Any CPU.ActiveCfg = Debug|Any CPU
		{CE9F9A70-1EF8-4906-912D-27AF28EA4DEE}.Debug|Any CPU.Build.0 = Debug|Any CPU
		{CE9F9A70-1EF8-4906-912D-27AF28EA4DEE}.Release|Any CPU.ActiveCfg = Release|Any CPU
		{CE9F9A70-1EF8-4906-912D-27AF28EA4DEE}.Release|Any CPU.Build.0 = Release|Any CPU
	EndGlobalSection
	GlobalSection(SolutionProperties) = preSolution
		HideSolutionNode = FALSE
	EndGlobalSection
EndGlobal
